
Microsoft Visual Studio Solution File, Format Version 12.00
# Visual Studio Version 16
VisualStudioVersion = 16.0.31112.23
MinimumVisualStudioVersion = 10.0.40219.1
Project("{FAE04EC0-301F-11D3-BF4B-00C04F79EFBC}") = "Calculadora", "Calculadora.csproj", "{957826DE-94D7-406B-9ECE-7F6A9E4E5C51}"
EndProject
Global
	GlobalSection(SolutionConfigurationPlatforms) = preSolution
		Debug|Any CPU = Debug|Any CPU
		Release|Any CPU = Release|Any CPU
	EndGlobalSection
	GlobalSection(ProjectConfigurationPlatforms) = postSolution
		{957826DE-94D7-406B-9ECE-7F6A9E4E5C51}.Debug|Any CPU.ActiveCfg = Debug|Any CPU
		{957826DE-94D7-406B-9ECE-7F6A9E4E5C51}.Debug|Any CPU.Build.0 = Debug|Any CPU
		{957826DE-94D7-406B-9ECE-7F6A9E4E5C51}.Release|Any CPU.ActiveCfg = Release|Any CPU
		{957826DE-94D7-406B-9ECE-7F6A9E4E5C51}.Release|Any CPU.Build.0 = Release|Any CPU
	EndGlobalSection
	GlobalSection(SolutionProperties) = preSolution
		HideSolutionNode = FALSE
	EndGlobalSection
	GlobalSection(ExtensibilityGlobals) = postSolution
		SolutionGuid = {F3949B61-86FC-4D8E-A06C-2B5CBA047B7F}
	EndGlobalSection
EndGlobal
